
Microsoft Visual Studio Solution File, Format Version 12.00
# Visual Studio Version 17
VisualStudioVersion = 17.8.34525.116
MinimumVisualStudioVersion = 10.0.40219.1
Project("{2150E333-8FDC-42A3-9474-1A3956D46DE8}") = "src", "src", "{A61A9FCB-452A-4AC0-9BDE-5445921D9B0C}"
EndProject
Project("{2150E333-8FDC-42A3-9474-1A3956D46DE8}") = "tests", "tests", "{7960D204-9B91-4350-AF6B-B5398DDB0C57}"
EndProject
Project("{9A19103F-16F7-4668-BE54-9A1E7A4F7556}") = "RocketSeatAuction.API", "src\RocketSeatAuction.API\RocketSeatAuction.API.csproj", "{C46A7ACA-8E98-46A2-8B9C-99B88F4CF5B4}"
EndProject
Project("{FAE04EC0-301F-11D3-BF4B-00C04F79EFBC}") = "UseCases.Test", "tests\UseCases.Test\UseCases.Test.csproj", "{DDB5AF0C-A52B-4814-9E94-843C690370CA}"
EndProject
Global
	GlobalSection(SolutionConfigurationPlatforms) = preSolution
		Debug|Any CPU = Debug|Any CPU
		Release|Any CPU = Release|Any CPU
	EndGlobalSection
	GlobalSection(ProjectConfigurationPlatforms) = postSolution
		{C46A7ACA-8E98-46A2-8B9C-99B88F4CF5B4}.Debug|Any CPU.ActiveCfg = Debug|Any CPU
		{C46A7ACA-8E98-46A2-8B9C-99B88F4CF5B4}.Debug|Any CPU.Build.0 = Debug|Any CPU
		{C46A7ACA-8E98-46A2-8B9C-99B88F4CF5B4}.Release|Any CPU.ActiveCfg = Release|Any CPU
		{C46A7ACA-8E98-46A2-8B9C-99B88F4CF5B4}.Release|Any CPU.Build.0 = Release|Any CPU
		{DDB5AF0C-A52B-4814-9E94-843C690370CA}.Debug|Any CPU.ActiveCfg = Debug|Any CPU
		{DDB5AF0C-A52B-4814-9E94-843C690370CA}.Debug|Any CPU.Build.0 = Debug|Any CPU
		{DDB5AF0C-A52B-4814-9E94-843C690370CA}.Release|Any CPU.ActiveCfg = Release|Any CPU
		{DDB5AF0C-A52B-4814-9E94-843C690370CA}.Release|Any CPU.Build.0 = Release|Any CPU
	EndGlobalSection
	GlobalSection(SolutionProperties) = preSolution
		HideSolutionNode = FALSE
	EndGlobalSection
	GlobalSection(NestedProjects) = preSolution
		{C46A7ACA-8E98-46A2-8B9C-99B88F4CF5B4} = {A61A9FCB-452A-4AC0-9BDE-5445921D9B0C}
		{DDB5AF0C-A52B-4814-9E94-843C690370CA} = {7960D204-9B91-4350-AF6B-B5398DDB0C57}
	EndGlobalSection
	GlobalSection(ExtensibilityGlobals) = postSolution
		SolutionGuid = {1D8621EC-9FA3-465B-8CBF-72683E33539C}
	EndGlobalSection
EndGlobal
